
Microsoft Visual Studio Solution File, Format Version 12.00
# Visual Studio Version 17
VisualStudioVersion = 17.8.34330.188
MinimumVisualStudioVersion = 10.0.40219.1
Project("{FAE04EC0-301F-11D3-BF4B-00C04F79EFBC}") = "APIRest_Forms.Android", "APIRest_Forms.Android\APIRest_Forms.Android.csproj", "{8904EFCE-7C6E-41C5-B11E-859C9A887F11}"
EndProject
Project("{FAE04EC0-301F-11D3-BF4B-00C04F79EFBC}") = "APIRest_Forms.iOS", "APIRest_Forms.iOS\APIRest_Forms.iOS.csproj", "{D82AC12F-7CDB-404B-BC46-1EA384C446F4}"
EndProject
Project("{FAE04EC0-301F-11D3-BF4B-00C04F79EFBC}") = "APIRest_Forms", "APIRest_Forms\APIRest_Forms.csproj", "{E1B7C43C-6FB6-4B27-B746-1DD2D5D69222}"
EndProject
Global
	GlobalSection(SolutionConfigurationPlatforms) = preSolution
		Debug|Any CPU = Debug|Any CPU
		Debug|iPhone = Debug|iPhone
		Debug|iPhoneSimulator = Debug|iPhoneSimulator
		Release|Any CPU = Release|Any CPU
		Release|iPhone = Release|iPhone
		Release|iPhoneSimulator = Release|iPhoneSimulator
	EndGlobalSection
	GlobalSection(ProjectConfigurationPlatforms) = postSolution
		{8904EFCE-7C6E-41C5-B11E-859C9A887F11}.Debug|Any CPU.ActiveCfg = Debug|Any CPU
		{8904EFCE-7C6E-41C5-B11E-859C9A887F11}.Debug|Any CPU.Build.0 = Debug|Any CPU
		{8904EFCE-7C6E-41C5-B11E-859C9A887F11}.Debug|Any CPU.Deploy.0 = Debug|Any CPU
		{8904EFCE-7C6E-41C5-B11E-859C9A887F11}.Debug|iPhone.ActiveCfg = Debug|Any CPU
		{8904EFCE-7C6E-41C5-B11E-859C9A887F11}.Debug|iPhone.Build.0 = Debug|Any CPU
		{8904EFCE-7C6E-41C5-B11E-859C9A887F11}.Debug|iPhone.Deploy.0 = Debug|Any CPU
		{8904EFCE-7C6E-41C5-B11E-859C9A887F11}.Debug|iPhoneSimulator.ActiveCfg = Debug|Any CPU
		{8904EFCE-7C6E-41C5-B11E-859C9A887F11}.Debug|iPhoneSimulator.Build.0 = Debug|Any CPU
		{8904EFCE-7C6E-41C5-B11E-859C9A887F11}.Debug|iPhoneSimulator.Deploy.0 = Debug|Any CPU
		{8904EFCE-7C6E-41C5-B11E-859C9A887F11}.Release|Any CPU.ActiveCfg = Release|Any CPU
		{8904EFCE-7C6E-41C5-B11E-859C9A887F11}.Release|Any CPU.Build.0 = Release|Any CPU
		{8904EFCE-7C6E-41C5-B11E-859C9A887F11}.Release|Any CPU.Deploy.0 = Release|Any CPU
		{8904EFCE-7C6E-41C5-B11E-859C9A887F11}.Release|iPhone.ActiveCfg = Release|Any CPU
		{8904EFCE-7C6E-41C5-B11E-859C9A887F11}.Release|iPhone.Build.0 = Release|Any CPU
		{8904EFCE-7C6E-41C5-B11E-859C9A887F11}.Release|iPhone.Deploy.0 = Release|Any CPU
		{8904EFCE-7C6E-41C5-B11E-859C9A887F11}.Release|iPhoneSimulator.ActiveCfg = Release|Any CPU
		{8904EFCE-7C6E-41C5-B11E-859C9A887F11}.Release|iPhoneSimulator.Build.0 = Release|Any CPU
		{8904EFCE-7C6E-41C5-B11E-859C9A887F11}.Release|iPhoneSimulator.Deploy.0 = Release|Any CPU
		{D82AC12F-7CDB-404B-BC46-1EA384C446F4}.Debug|Any CPU.ActiveCfg = Debug|iPhone
		{D82AC12F-7CDB-404B-BC46-1EA384C446F4}.Debug|Any CPU.Build.0 = Debug|iPhone
		{D82AC12F-7CDB-404B-BC46-1EA384C446F4}.Debug|Any CPU.Deploy.0 = Debug|iPhone
		{D82AC12F-7CDB-404B-BC46-1EA384C446F4}.Debug|iPhone.ActiveCfg = Debug|iPhone
		{D82AC12F-7CDB-404B-BC46-1EA384C446F4}.Debug|iPhone.Build.0 = Debug|iPhone
		{D82AC12F-7CDB-404B-BC46-1EA384C446F4}.Debug|iPhone.Deploy.0 = Debug|iPhone
		{D82AC12F-7CDB-404B-BC46-1EA384C446F4}.Debug|iPhoneSimulator.ActiveCfg = Debug|iPhoneSimulator
		{D82AC12F-7CDB-404B-BC46-1EA384C446F4}.Debug|iPhoneSimulator.Build.0 = Debug|iPhoneSimulator
		{D82AC12F-7CDB-404B-BC46-1EA384C446F4}.Debug|iPhoneSimulator.Deploy.0 = Debug|iPhoneSimulator
		{D82AC12F-7CDB-404B-BC46-1EA384C446F4}.Release|Any CPU.ActiveCfg = Release|iPhoneSimulator
		{D82AC12F-7CDB-404B-BC46-1EA384C446F4}.Release|Any CPU.Build.0 = Release|iPhoneSimulator
		{D82AC12F-7CDB-404B-BC46-1EA384C446F4}.Release|Any CPU.Deploy.0 = Release|iPhoneSimulator
		{D82AC12F-7CDB-404B-BC46-1EA384C446F4}.Release|iPhone.ActiveCfg = Release|iPhone
		{D82AC12F-7CDB-404B-BC46-1EA384C446F4}.Release|iPhone.Build.0 = Release|iPhone
		{D82AC12F-7CDB-404B-BC46-1EA384C446F4}.Release|iPhone.Deploy.0 = Release|iPhone
		{D82AC12F-7CDB-404B-BC46-1EA384C446F4}.Release|iPhoneSimulator.ActiveCfg = Release|iPhoneSimulator
		{D82AC12F-7CDB-404B-BC46-1EA384C446F4}.Release|iPhoneSimulator.Build.0 = Release|iPhoneSimulator
		{D82AC12F-7CDB-404B-BC46-1EA384C446F4}.Release|iPhoneSimulator.Deploy.0 = Release|iPhoneSimulator
		{E1B7C43C-6FB6-4B27-B746-1DD2D5D69222}.Debug|Any CPU.ActiveCfg = Debug|Any CPU
		{E1B7C43C-6FB6-4B27-B746-1DD2D5D69222}.Debug|Any CPU.Build.0 = Debug|Any CPU
		{E1B7C43C-6FB6-4B27-B746-1DD2D5D69222}.Debug|Any CPU.Deploy.0 = Debug|Any CPU
		{E1B7C43C-6FB6-4B27-B746-1DD2D5D69222}.Debug|iPhone.ActiveCfg = Debug|Any CPU
		{E1B7C43C-6FB6-4B27-B746-1DD2D5D69222}.Debug|iPhone.Build.0 = Debug|Any CPU
		{E1B7C43C-6FB6-4B27-B746-1DD2D5D69222}.Debug|iPhone.Deploy.0 = Debug|Any CPU
		{E1B7C43C-6FB6-4B27-B746-1DD2D5D69222}.Debug|iPhoneSimulator.ActiveCfg = Debug|Any CPU
		{E1B7C43C-6FB6-4B27-B746-1DD2D5D69222}.Debug|iPhoneSimulator.Build.0 = Debug|Any CPU
		{E1B7C43C-6FB6-4B27-B746-1DD2D5D69222}.Debug|iPhoneSimulator.Deploy.0 = Debug|Any CPU
		{E1B7C43C-6FB6-4B27-B746-1DD2D5D69222}.Release|Any CPU.ActiveCfg = Release|Any CPU
		{E1B7C43C-6FB6-4B27-B746-1DD2D5D69222}.Release|Any CPU.Build.0 = Release|Any CPU
		{E1B7C43C-6FB6-4B27-B746-1DD2D5D69222}.Release|Any CPU.Deploy.0 = Release|Any CPU
		{E1B7C43C-6FB6-4B27-B746-1DD2D5D69222}.Release|iPhone.ActiveCfg = Release|Any CPU
		{E1B7C43C-6FB6-4B27-B746-1DD2D5D69222}.Release|iPhone.Build.0 = Release|Any CPU
		{E1B7C43C-6FB6-4B27-B746-1DD2D5D69222}.Release|iPhone.Deploy.0 = Release|Any CPU
		{E1B7C43C-6FB6-4B27-B746-1DD2D5D69222}.Release|iPhoneSimulator.ActiveCfg = Release|Any CPU
		{E1B7C43C-6FB6-4B27-B746-1DD2D5D69222}.Release|iPhoneSimulator.Build.0 = Release|Any CPU
		{E1B7C43C-6FB6-4B27-B746-1DD2D5D69222}.Release|iPhoneSimulator.Deploy.0 = Release|Any CPU
	EndGlobalSection
	GlobalSection(SolutionProperties) = preSolution
		HideSolutionNode = FALSE
	EndGlobalSection
	GlobalSection(ExtensibilityGlobals) = postSolution
		SolutionGuid = {D9CAABB3-1298-4BD3-BDDA-0F34140FE4A7}
	EndGlobalSection
EndGlobal
